
Microsoft Visual Studio Solution File, Format Version 12.00
# Visual Studio 15
VisualStudioVersion = 15.0.28010.2048
MinimumVisualStudioVersion = 10.0.40219.1
Project("{FAE04EC0-301F-11D3-BF4B-00C04F79EFBC}") = "CurriculumManagementSystem", "CurriculumManagementSystem\CurriculumManagementSystem.csproj", "{0CBAACCE-BB3F-444F-82F9-2E5DF582ADF5}"
EndProject
Project("{FAE04EC0-301F-11D3-BF4B-00C04F79EFBC}") = "CurriculumManagementSystem.Tests", "CurriculumManagementSystem.Tests\CurriculumManagementSystem.Tests.csproj", "{46B1AF9B-C334-4AF1-B27B-F3550583F899}"
EndProject
Global
	GlobalSection(SolutionConfigurationPlatforms) = preSolution
		Debug|Any CPU = Debug|Any CPU
		Release|Any CPU = Release|Any CPU
	EndGlobalSection
	GlobalSection(ProjectConfigurationPlatforms) = postSolution
		{0CBAACCE-BB3F-444F-82F9-2E5DF582ADF5}.Debug|Any CPU.ActiveCfg = Debug|Any CPU
		{0CBAACCE-BB3F-444F-82F9-2E5DF582ADF5}.Debug|Any CPU.Build.0 = Debug|Any CPU
		{0CBAACCE-BB3F-444F-82F9-2E5DF582ADF5}.Release|Any CPU.ActiveCfg = Release|Any CPU
		{0CBAACCE-BB3F-444F-82F9-2E5DF582ADF5}.Release|Any CPU.Build.0 = Release|Any CPU
		{46B1AF9B-C334-4AF1-B27B-F3550583F899}.Debug|Any CPU.ActiveCfg = Debug|Any CPU
		{46B1AF9B-C334-4AF1-B27B-F3550583F899}.Debug|Any CPU.Build.0 = Debug|Any CPU
		{46B1AF9B-C334-4AF1-B27B-F3550583F899}.Release|Any CPU.ActiveCfg = Release|Any CPU
		{46B1AF9B-C334-4AF1-B27B-F3550583F899}.Release|Any CPU.Build.0 = Release|Any CPU
	EndGlobalSection
	GlobalSection(SolutionProperties) = preSolution
		HideSolutionNode = FALSE
	EndGlobalSection
	GlobalSection(ExtensibilityGlobals) = postSolution
		SolutionGuid = {E2311CE2-30A0-4DB4-81D7-255E898761CA}
	EndGlobalSection
EndGlobal
